# THIS IS AN AUTOGENERATED FILE. DO NOT EDIT THIS FILE DIRECTLY.
# yarn lockfile v1


"@rails/ujs@^7.0.5":
  version "7.0.5"
  resolved "https://registry.yarnpkg.com/@rails/ujs/-/ujs-7.0.5.tgz#d35a71fe6ecd4ab88bbe4bc6c2f287c992c2de4c"
  integrity sha512-/wQ6v4DGxhxflPWoLwGkOQoKbtIXx/LsVNKd8shRM+/HXxlVBEb+F5znN99TlxX8e/R3dN6anTPAqA+mfA5YtQ==
